
Microsoft Visual Studio Solution File, Format Version 12.00
# Visual Studio 2012
Project("{8BC9CEB8-8B4A-11D0-8D11-00A0C91BC942}") = "StrudentStruct", "StrudentStruct\StrudentStruct.vcxproj", "{866CD3E5-8C88-4215-B670-7B1710D59094}"
EndProject
Global
	GlobalSection(SolutionConfigurationPlatforms) = preSolution
		Debug|Win32 = Debug|Win32
		Release|Win32 = Release|Win32
	EndGlobalSection
	GlobalSection(ProjectConfigurationPlatforms) = postSolution
		{866CD3E5-8C88-4215-B670-7B1710D59094}.Debug|Win32.ActiveCfg = Debug|Win32
		{866CD3E5-8C88-4215-B670-7B1710D59094}.Debug|Win32.Build.0 = Debug|Win32
		{866CD3E5-8C88-4215-B670-7B1710D59094}.Release|Win32.ActiveCfg = Release|Win32
		{866CD3E5-8C88-4215-B670-7B1710D59094}.Release|Win32.Build.0 = Release|Win32
	EndGlobalSection
	GlobalSection(SolutionProperties) = preSolution
		HideSolutionNode = FALSE
	EndGlobalSection
EndGlobal
